// !$*UTF8*$!
{
	archiveVersion = 1;
	classes = {
	};
	objectVersion = 56;
	objects = {

/* Begin PBXFileReference section */
		5C0909F42B01301F00F50476 /* checkpoint8.playground */ = {isa = PBXFileReference; lastKnownFileType = file.playground; path = checkpoint8.playground; sourceTree = "<group>"; xcLanguageSpecificationIdentifier = xcode.lang.swift; };
		5C3BF5102B04361400AC8E99 /* checkpoint9.playground */ = {isa = PBXFileReference; lastKnownFileType = file.playground; path = checkpoint9.playground; sourceTree = "<group>"; xcLanguageSpecificationIdentifier = xcode.lang.swift; };
		5C5B0C352B0002CF003224AC /* checkpoint7.playground */ = {isa = PBXFileReference; lastKnownFileType = file.playground; path = checkpoint7.playground; sourceTree = "<group>"; xcLanguageSpecificationIdentifier = xcode.lang.swift; };
		5C5D71B42AF9B273004FFC92 /* checkpoint5.playground */ = {isa = PBXFileReference; lastKnownFileType = file.playground; path = checkpoint5.playground; sourceTree = "<group>"; xcLanguageSpecificationIdentifier = xcode.lang.swift; };
/* End PBXFileReference section */

/* Begin PBXGroup section */
		5C5D71AD2AF9B230004FFC92 = {
			isa = PBXGroup;
			children = (
				5C3BF5102B04361400AC8E99 /* checkpoint9.playground */,
				5C0909F42B01301F00F50476 /* checkpoint8.playground */,
				5C5B0C352B0002CF003224AC /* checkpoint7.playground */,
				5C5D71B42AF9B273004FFC92 /* checkpoint5.playground */,
			);
			sourceTree = "<group>";
		};
/* End PBXGroup section */

/* Begin PBXProject section */
		5C5D71AE2AF9B230004FFC92 /* Project object */ = {
			isa = PBXProject;
			attributes = {
				BuildIndependentTargetsInParallel = 1;
				LastUpgradeCheck = 1500;
			};
			buildConfigurationList = 5C5D71B12AF9B230004FFC92 /* Build configuration list for PBXProject "basic-swift" */;
			compatibilityVersion = "Xcode 14.0";
			developmentRegion = en;
			hasScannedForEncodings = 0;
			knownRegions = (
				en,
				Base,
			);
			mainGroup = 5C5D71AD2AF9B230004FFC92;
			projectDirPath = "";
			projectRoot = "";
			targets = (
			);
		};
/* End PBXProject section */

/* Begin XCBuildConfiguration section */
		5C5D71B22AF9B230004FFC92 /* Debug */ = {
			isa = XCBuildConfiguration;
			buildSettings = {
			};
			name = Debug;
		};
		5C5D71B32AF9B230004FFC92 /* Release */ = {
			isa = XCBuildConfiguration;
			buildSettings = {
			};
			name = Release;
		};
/* End XCBuildConfiguration section */

/* Begin XCConfigurationList section */
		5C5D71B12AF9B230004FFC92 /* Build configuration list for PBXProject "basic-swift" */ = {
			isa = XCConfigurationList;
			buildConfigurations = (
				5C5D71B22AF9B230004FFC92 /* Debug */,
				5C5D71B32AF9B230004FFC92 /* Release */,
			);
			defaultConfigurationIsVisible = 0;
			defaultConfigurationName = Release;
		};
/* End XCConfigurationList section */
	};
	rootObject = 5C5D71AE2AF9B230004FFC92 /* Project object */;
}
